
Microsoft Visual Studio Solution File, Format Version 12.00
# Visual Studio Version 17
VisualStudioVersion = 17.0.31903.59
MinimumVisualStudioVersion = 10.0.40219.1
Project("{FAE04EC0-301F-11D3-BF4B-00C04F79EFBC}") = "StarWars.Lib", "StarWars.Lib\StarWars.Lib.csproj", "{BCCDB25A-31EC-4EC9-A057-03A0D9B13EBC}"
EndProject
Project("{FAE04EC0-301F-11D3-BF4B-00C04F79EFBC}") = "StarWars.Tests", "StarWars.Tests\StarWars.Tests.csproj", "{7F386899-A71A-4301-92E3-2DC8C0D9F023}"
EndProject
Global
	GlobalSection(SolutionConfigurationPlatforms) = preSolution
		Debug|Any CPU = Debug|Any CPU
		Release|Any CPU = Release|Any CPU
	EndGlobalSection
	GlobalSection(SolutionProperties) = preSolution
		HideSolutionNode = FALSE
	EndGlobalSection
	GlobalSection(ProjectConfigurationPlatforms) = postSolution
		{BCCDB25A-31EC-4EC9-A057-03A0D9B13EBC}.Debug|Any CPU.ActiveCfg = Debug|Any CPU
		{BCCDB25A-31EC-4EC9-A057-03A0D9B13EBC}.Debug|Any CPU.Build.0 = Debug|Any CPU
		{BCCDB25A-31EC-4EC9-A057-03A0D9B13EBC}.Release|Any CPU.ActiveCfg = Release|Any CPU
		{BCCDB25A-31EC-4EC9-A057-03A0D9B13EBC}.Release|Any CPU.Build.0 = Release|Any CPU
		{7F386899-A71A-4301-92E3-2DC8C0D9F023}.Debug|Any CPU.ActiveCfg = Debug|Any CPU
		{7F386899-A71A-4301-92E3-2DC8C0D9F023}.Debug|Any CPU.Build.0 = Debug|Any CPU
		{7F386899-A71A-4301-92E3-2DC8C0D9F023}.Release|Any CPU.ActiveCfg = Release|Any CPU
		{7F386899-A71A-4301-92E3-2DC8C0D9F023}.Release|Any CPU.Build.0 = Release|Any CPU
	EndGlobalSection
EndGlobal
